
Microsoft Visual Studio Solution File, Format Version 12.00
# Visual Studio 15
VisualStudioVersion = 15.0.27130.2020
MinimumVisualStudioVersion = 10.0.40219.1
Project("{FAE04EC0-301F-11D3-BF4B-00C04F79EFBC}") = "SPGen.VSIX", "SPGen.VSIX\SPGen.VSIX.csproj", "{B97CC0DC-2280-4671-8835-2F0BE5E87A68}"
EndProject
Project("{FAE04EC0-301F-11D3-BF4B-00C04F79EFBC}") = "SPGen.Template", "SPGen.Template\SPGen.Template.csproj", "{7016A5A2-BD11-4968-9EBA-613B31A6603F}"
EndProject
Global
	GlobalSection(SolutionConfigurationPlatforms) = preSolution
		Debug|Any CPU = Debug|Any CPU
		Release|Any CPU = Release|Any CPU
	EndGlobalSection
	GlobalSection(ProjectConfigurationPlatforms) = postSolution
		{B97CC0DC-2280-4671-8835-2F0BE5E87A68}.Debug|Any CPU.ActiveCfg = Debug|Any CPU
		{B97CC0DC-2280-4671-8835-2F0BE5E87A68}.Debug|Any CPU.Build.0 = Debug|Any CPU
		{B97CC0DC-2280-4671-8835-2F0BE5E87A68}.Release|Any CPU.ActiveCfg = Release|Any CPU
		{B97CC0DC-2280-4671-8835-2F0BE5E87A68}.Release|Any CPU.Build.0 = Release|Any CPU
		{7016A5A2-BD11-4968-9EBA-613B31A6603F}.Debug|Any CPU.ActiveCfg = Debug|Any CPU
		{7016A5A2-BD11-4968-9EBA-613B31A6603F}.Debug|Any CPU.Build.0 = Debug|Any CPU
		{7016A5A2-BD11-4968-9EBA-613B31A6603F}.Release|Any CPU.ActiveCfg = Release|Any CPU
		{7016A5A2-BD11-4968-9EBA-613B31A6603F}.Release|Any CPU.Build.0 = Release|Any CPU
	EndGlobalSection
	GlobalSection(SolutionProperties) = preSolution
		HideSolutionNode = FALSE
	EndGlobalSection
	GlobalSection(ExtensibilityGlobals) = postSolution
		SolutionGuid = {EAA5748C-6E78-4B51-87A4-5CD04A877D95}
	EndGlobalSection
EndGlobal
